// !$*UTF8*$!
{
	archiveVersion = 1;
	classes = {
	};
	objectVersion = 50;
	objects = {

/* Begin PBXBuildFile section */
		0705932D256CA18200D59D97 /* ConnectFour.swift in Sources */ = {isa = PBXBuildFile; fileRef = 0705932C256CA18200D59D97 /* ConnectFour.swift */; };
		07059330256CA33600D59D97 /* ConnnectFourViewModel.swift in Sources */ = {isa = PBXBuildFile; fileRef = 0705932F256CA33600D59D97 /* ConnnectFourViewModel.swift */; };
		07059357256CBD9500D59D97 /* Conn4Tests.swift in Sources */ = {isa = PBXBuildFile; fileRef = 07059356256CBD9500D59D97 /* Conn4Tests.swift */; };
		07284E74256FF7260098E0B0 /* drop.wav in Resources */ = {isa = PBXBuildFile; fileRef = 07284E73256FF7260098E0B0 /* drop.wav */; };
		07D37085255B9E5900E435B2 /* Connect4App.swift in Sources */ = {isa = PBXBuildFile; fileRef = 07D37084255B9E5900E435B2 /* Connect4App.swift */; };
		07D37087255B9E5900E435B2 /* ConnnectFourView.swift in Sources */ = {isa = PBXBuildFile; fileRef = 07D37086255B9E5900E435B2 /* ConnnectFourView.swift */; };
		07D37089255B9E5900E435B2 /* Assets.xcassets in Resources */ = {isa = PBXBuildFile; fileRef = 07D37088255B9E5900E435B2 /* Assets.xcassets */; };
		07D3708C255B9E5900E435B2 /* Preview Assets.xcassets in Resources */ = {isa = PBXBuildFile; fileRef = 07D3708B255B9E5900E435B2 /* Preview Assets.xcassets */; };
/* End PBXBuildFile section */

/* Begin PBXContainerItemProxy section */
		0705934D256CBD7400D59D97 /* PBXContainerItemProxy */ = {
			isa = PBXContainerItemProxy;
			containerPortal = 07D37079255B9E5900E435B2 /* Project object */;
			proxyType = 1;
			remoteGlobalIDString = 07D37080255B9E5900E435B2;
			remoteInfo = Connect4;
		};
/* End PBXContainerItemProxy section */

/* Begin PBXFileReference section */
		0705932C256CA18200D59D97 /* ConnectFour.swift */ = {isa = PBXFileReference; lastKnownFileType = sourcecode.swift; path = ConnectFour.swift; sourceTree = "<group>"; };
		0705932F256CA33600D59D97 /* ConnnectFourViewModel.swift */ = {isa = PBXFileReference; lastKnownFileType = sourcecode.swift; path = ConnnectFourViewModel.swift; sourceTree = "<group>"; };
		07059348256CBD7400D59D97 /* Connect4Tests.xctest */ = {isa = PBXFileReference; explicitFileType = wrapper.cfbundle; includeInIndex = 0; path = Connect4Tests.xctest; sourceTree = BUILT_PRODUCTS_DIR; };
		0705934C256CBD7400D59D97 /* Info.plist */ = {isa = PBXFileReference; lastKnownFileType = text.plist.xml; path = Info.plist; sourceTree = "<group>"; };
		07059356256CBD9500D59D97 /* Conn4Tests.swift */ = {isa = PBXFileReference; lastKnownFileType = sourcecode.swift; path = Conn4Tests.swift; sourceTree = "<group>"; };
		07284E73256FF7260098E0B0 /* drop.wav */ = {isa = PBXFileReference; lastKnownFileType = audio.wav; path = drop.wav; sourceTree = "<group>"; };
		07D37081255B9E5900E435B2 /* Connect4.app */ = {isa = PBXFileReference; explicitFileType = wrapper.application; includeInIndex = 0; path = Connect4.app; sourceTree = BUILT_PRODUCTS_DIR; };
		07D37084255B9E5900E435B2 /* Connect4App.swift */ = {isa = PBXFileReference; lastKnownFileType = sourcecode.swift; path = Connect4App.swift; sourceTree = "<group>"; };
		07D37086255B9E5900E435B2 /* ConnnectFourView.swift */ = {isa = PBXFileReference; lastKnownFileType = sourcecode.swift; path = ConnnectFourView.swift; sourceTree = "<group>"; };
		07D37088255B9E5900E435B2 /* Assets.xcassets */ = {isa = PBXFileReference; lastKnownFileType = folder.assetcatalog; path = Assets.xcassets; sourceTree = "<group>"; };
		07D3708B255B9E5900E435B2 /* Preview Assets.xcassets */ = {isa = PBXFileReference; lastKnownFileType = folder.assetcatalog; path = "Preview Assets.xcassets"; sourceTree = "<group>"; };
		07D3708D255B9E5900E435B2 /* Info.plist */ = {isa = PBXFileReference; lastKnownFileType = text.plist.xml; path = Info.plist; sourceTree = "<group>"; };
/* End PBXFileReference section */

/* Begin PBXFrameworksBuildPhase section */
		07059345256CBD7400D59D97 /* Frameworks */ = {
			isa = PBXFrameworksBuildPhase;
			buildActionMask = 2147483647;
			files = (
			);
			runOnlyForDeploymentPostprocessing = 0;
		};
		07D3707E255B9E5900E435B2 /* Frameworks */ = {
			isa = PBXFrameworksBuildPhase;
			buildActionMask = 2147483647;
			files = (
			);
			runOnlyForDeploymentPostprocessing = 0;
		};
/* End PBXFrameworksBuildPhase section */

/* Begin PBXGroup section */
		07059349256CBD7400D59D97 /* Connect4Tests */ = {
			isa = PBXGroup;
			children = (
				0705934C256CBD7400D59D97 /* Info.plist */,
				07059356256CBD9500D59D97 /* Conn4Tests.swift */,
			);
			path = Connect4Tests;
			sourceTree = "<group>";
		};
		07D37078255B9E5900E435B2 = {
			isa = PBXGroup;
			children = (
				07D37083255B9E5900E435B2 /* Connect4 */,
				07059349256CBD7400D59D97 /* Connect4Tests */,
				07D37082255B9E5900E435B2 /* Products */,
			);
			sourceTree = "<group>";
		};
		07D37082255B9E5900E435B2 /* Products */ = {
			isa = PBXGroup;
			children = (
				07D37081255B9E5900E435B2 /* Connect4.app */,
				07059348256CBD7400D59D97 /* Connect4Tests.xctest */,
			);
			name = Products;
			sourceTree = "<group>";
		};
		07D37083255B9E5900E435B2 /* Connect4 */ = {
			isa = PBXGroup;
			children = (
				07D37084255B9E5900E435B2 /* Connect4App.swift */,
				0705932C256CA18200D59D97 /* ConnectFour.swift */,
				07D37086255B9E5900E435B2 /* ConnnectFourView.swift */,
				0705932F256CA33600D59D97 /* ConnnectFourViewModel.swift */,
				07284E73256FF7260098E0B0 /* drop.wav */,
				07D37088255B9E5900E435B2 /* Assets.xcassets */,
				07D3708D255B9E5900E435B2 /* Info.plist */,
				07D3708A255B9E5900E435B2 /* Preview Content */,
			);
			path = Connect4;
			sourceTree = "<group>";
		};
		07D3708A255B9E5900E435B2 /* Preview Content */ = {
			isa = PBXGroup;
			children = (
				07D3708B255B9E5900E435B2 /* Preview Assets.xcassets */,
			);
			path = "Preview Content";
			sourceTree = "<group>";
		};
/* End PBXGroup section */

/* Begin PBXNativeTarget section */
		07059347256CBD7400D59D97 /* Connect4Tests */ = {
			isa = PBXNativeTarget;
			buildConfigurationList = 07059351256CBD7400D59D97 /* Build configuration list for PBXNativeTarget "Connect4Tests" */;
			buildPhases = (
				07059344256CBD7400D59D97 /* Sources */,
				07059345256CBD7400D59D97 /* Frameworks */,
				07059346256CBD7400D59D97 /* Resources */,
			);
			buildRules = (
			);
			dependencies = (
				0705934E256CBD7400D59D97 /* PBXTargetDependency */,
			);
			name = Connect4Tests;
			productName = Connect4Tests;
			productReference = 07059348256CBD7400D59D97 /* Connect4Tests.xctest */;
			productType = "com.apple.product-type.bundle.unit-test";
		};
		07D37080255B9E5900E435B2 /* Connect4 */ = {
			isa = PBXNativeTarget;
			buildConfigurationList = 07D37090255B9E5900E435B2 /* Build configuration list for PBXNativeTarget "Connect4" */;
			buildPhases = (
				07D3707D255B9E5900E435B2 /* Sources */,
				07D3707E255B9E5900E435B2 /* Frameworks */,
				07D3707F255B9E5900E435B2 /* Resources */,
			);
			buildRules = (
			);
			dependencies = (
			);
			name = Connect4;
			productName = Connect4;
			productReference = 07D37081255B9E5900E435B2 /* Connect4.app */;
			productType = "com.apple.product-type.application";
		};
/* End PBXNativeTarget section */

/* Begin PBXProject section */
		07D37079255B9E5900E435B2 /* Project object */ = {
			isa = PBXProject;
			attributes = {
				LastSwiftUpdateCheck = 1220;
				LastUpgradeCheck = 1210;
				TargetAttributes = {
					07059347256CBD7400D59D97 = {
						CreatedOnToolsVersion = 12.2;
						LastSwiftMigration = 1220;
						TestTargetID = 07D37080255B9E5900E435B2;
					};
					07D37080255B9E5900E435B2 = {
						CreatedOnToolsVersion = 12.1;
					};
				};
			};
			buildConfigurationList = 07D3707C255B9E5900E435B2 /* Build configuration list for PBXProject "Connect4" */;
			compatibilityVersion = "Xcode 9.3";
			developmentRegion = en;
			hasScannedForEncodings = 0;
			knownRegions = (
				en,
				Base,
			);
			mainGroup = 07D37078255B9E5900E435B2;
			productRefGroup = 07D37082255B9E5900E435B2 /* Products */;
			projectDirPath = "";
			projectRoot = "";
			targets = (
				07D37080255B9E5900E435B2 /* Connect4 */,
				07059347256CBD7400D59D97 /* Connect4Tests */,
			);
		};
/* End PBXProject section */

/* Begin PBXResourcesBuildPhase section */
		07059346256CBD7400D59D97 /* Resources */ = {
			isa = PBXResourcesBuildPhase;
			buildActionMask = 2147483647;
			files = (
			);
			runOnlyForDeploymentPostprocessing = 0;
		};
		07D3707F255B9E5900E435B2 /* Resources */ = {
			isa = PBXResourcesBuildPhase;
			buildActionMask = 2147483647;
			files = (
				07284E74256FF7260098E0B0 /* drop.wav in Resources */,
				07D3708C255B9E5900E435B2 /* Preview Assets.xcassets in Resources */,
				07D37089255B9E5900E435B2 /* Assets.xcassets in Resources */,
			);
			runOnlyForDeploymentPostprocessing = 0;
		};
/* End PBXResourcesBuildPhase section */

/* Begin PBXSourcesBuildPhase section */
		07059344256CBD7400D59D97 /* Sources */ = {
			isa = PBXSourcesBuildPhase;
			buildActionMask = 2147483647;
			files = (
				07059357256CBD9500D59D97 /* Conn4Tests.swift in Sources */,
			);
			runOnlyForDeploymentPostprocessing = 0;
		};
		07D3707D255B9E5900E435B2 /* Sources */ = {
			isa = PBXSourcesBuildPhase;
			buildActionMask = 2147483647;
			files = (
				07D37087255B9E5900E435B2 /* ConnnectFourView.swift in Sources */,
				07059330256CA33600D59D97 /* ConnnectFourViewModel.swift in Sources */,
				07D37085255B9E5900E435B2 /* Connect4App.swift in Sources */,
				0705932D256CA18200D59D97 /* ConnectFour.swift in Sources */,
			);
			runOnlyForDeploymentPostprocessing = 0;
		};
/* End PBXSourcesBuildPhase section */

/* Begin PBXTargetDependency section */
		0705934E256CBD7400D59D97 /* PBXTargetDependency */ = {
			isa = PBXTargetDependency;
			target = 07D37080255B9E5900E435B2 /* Connect4 */;
			targetProxy = 0705934D256CBD7400D59D97 /* PBXContainerItemProxy */;
		};
/* End PBXTargetDependency section */

/* Begin XCBuildConfiguration section */
		0705934F256CBD7400D59D97 /* Debug */ = {
			isa = XCBuildConfiguration;
			buildSettings = {
				BUNDLE_LOADER = "$(TEST_HOST)";
				CLANG_ENABLE_MODULES = YES;
				CODE_SIGN_STYLE = Automatic;
				DEVELOPMENT_TEAM = J8B74FCZCC;
				INFOPLIST_FILE = Connect4Tests/Info.plist;
				IPHONEOS_DEPLOYMENT_TARGET = 14.2;
				LD_RUNPATH_SEARCH_PATHS = (
					"$(inherited)",
					"@executable_path/Frameworks",
					"@loader_path/Frameworks",
				);
				PRODUCT_BUNDLE_IDENTIFIER = com.goldthumb.Connect4Tests;
				PRODUCT_NAME = "$(TARGET_NAME)";
				SWIFT_OPTIMIZATION_LEVEL = "-Onone";
				SWIFT_VERSION = 5.0;
				TARGETED_DEVICE_FAMILY = "1,2";
				TEST_HOST = "$(BUILT_PRODUCTS_DIR)/Connect4.app/Connect4";
			};
			name = Debug;
		};
		07059350256CBD7400D59D97 /* Release */ = {
			isa = XCBuildConfiguration;
			buildSettings = {
				BUNDLE_LOADER = "$(TEST_HOST)";
				CLANG_ENABLE_MODULES = YES;
				CODE_SIGN_STYLE = Automatic;
				DEVELOPMENT_TEAM = J8B74FCZCC;
				INFOPLIST_FILE = Connect4Tests/Info.plist;
				IPHONEOS_DEPLOYMENT_TARGET = 14.2;
				LD_RUNPATH_SEARCH_PATHS = (
					"$(inherited)",
					"@executable_path/Frameworks",
					"@loader_path/Frameworks",
				);
				PRODUCT_BUNDLE_IDENTIFIER = com.goldthumb.Connect4Tests;
				PRODUCT_NAME = "$(TARGET_NAME)";
				SWIFT_VERSION = 5.0;
				TARGETED_DEVICE_FAMILY = "1,2";
				TEST_HOST = "$(BUILT_PRODUCTS_DIR)/Connect4.app/Connect4";
			};
			name = Release;
		};
		07D3708E255B9E5900E435B2 /* Debug */ = {
			isa = XCBuildConfiguration;
			buildSettings = {
				ALWAYS_SEARCH_USER_PATHS = NO;
				CLANG_ANALYZER_NONNULL = YES;
				CLANG_ANALYZER_NUMBER_OBJECT_CONVERSION = YES_AGGRESSIVE;
				CLANG_CXX_LANGUAGE_STANDARD = "gnu++14";
				CLANG_CXX_LIBRARY = "libc++";
				CLANG_ENABLE_MODULES = YES;
				CLANG_ENABLE_OBJC_ARC = YES;
				CLANG_ENABLE_OBJC_WEAK = YES;
				CLANG_WARN_BLOCK_CAPTURE_AUTORELEASING = YES;
				CLANG_WARN_BOOL_CONVERSION = YES;
				CLANG_WARN_COMMA = YES;
				CLANG_WARN_CONSTANT_CONVERSION = YES;
				CLANG_WARN_DEPRECATED_OBJC_IMPLEMENTATIONS = YES;
				CLANG_WARN_DIRECT_OBJC_ISA_USAGE = YES_ERROR;
				CLANG_WARN_DOCUMENTATION_COMMENTS = YES;
				CLANG_WARN_EMPTY_BODY = YES;
				CLANG_WARN_ENUM_CONVERSION = YES;
				CLANG_WARN_INFINITE_RECURSION = YES;
				CLANG_WARN_INT_CONVERSION = YES;
				CLANG_WARN_NON_LITERAL_NULL_CONVERSION = YES;
				CLANG_WARN_OBJC_IMPLICIT_RETAIN_SELF = YES;
				CLANG_WARN_OBJC_LITERAL_CONVERSION = YES;
				CLANG_WARN_OBJC_ROOT_CLASS = YES_ERROR;
				CLANG_WARN_QUOTED_INCLUDE_IN_FRAMEWORK_HEADER = YES;
				CLANG_WARN_RANGE_LOOP_ANALYSIS = YES;
				CLANG_WARN_STRICT_PROTOTYPES = YES;
				CLANG_WARN_SUSPICIOUS_MOVE = YES;
				CLANG_WARN_UNGUARDED_AVAILABILITY = YES_AGGRESSIVE;
				CLANG_WARN_UNREACHABLE_CODE = YES;
				CLANG_WARN__DUPLICATE_METHOD_MATCH = YES;
				COPY_PHASE_STRIP = NO;
				DEBUG_INFORMATION_FORMAT = dwarf;
				ENABLE_STRICT_OBJC_MSGSEND = YES;
				ENABLE_TESTABILITY = YES;
				GCC_C_LANGUAGE_STANDARD = gnu11;
				GCC_DYNAMIC_NO_PIC = NO;
				GCC_NO_COMMON_BLOCKS = YES;
				GCC_OPTIMIZATION_LEVEL = 0;
				GCC_PREPROCESSOR_DEFINITIONS = (
					"DEBUG=1",
					"$(inherited)",
				);
				GCC_WARN_64_TO_32_BIT_CONVERSION = YES;
				GCC_WARN_ABOUT_RETURN_TYPE = YES_ERROR;
				GCC_WARN_UNDECLARED_SELECTOR = YES;
				GCC_WARN_UNINITIALIZED_AUTOS = YES_AGGRESSIVE;
				GCC_WARN_UNUSED_FUNCTION = YES;
				GCC_WARN_UNUSED_VARIABLE = YES;
				IPHONEOS_DEPLOYMENT_TARGET = 14.1;
				MTL_ENABLE_DEBUG_INFO = INCLUDE_SOURCE;
				MTL_FAST_MATH = YES;
				ONLY_ACTIVE_ARCH = YES;
				SDKROOT = iphoneos;
				SWIFT_ACTIVE_COMPILATION_CONDITIONS = DEBUG;
				SWIFT_OPTIMIZATION_LEVEL = "-Onone";
			};
			name = Debug;
		};
		07D3708F255B9E5900E435B2 /* Release */ = {
			isa = XCBuildConfiguration;
			buildSettings = {
				ALWAYS_SEARCH_USER_PATHS = NO;
				CLANG_ANALYZER_NONNULL = YES;
				CLANG_ANALYZER_NUMBER_OBJECT_CONVERSION = YES_AGGRESSIVE;
				CLANG_CXX_LANGUAGE_STANDARD = "gnu++14";
				CLANG_CXX_LIBRARY = "libc++";
				CLANG_ENABLE_MODULES = YES;
				CLANG_ENABLE_OBJC_ARC = YES;
				CLANG_ENABLE_OBJC_WEAK = YES;
				CLANG_WARN_BLOCK_CAPTURE_AUTORELEASING = YES;
				CLANG_WARN_BOOL_CONVERSION = YES;
				CLANG_WARN_COMMA = YES;
				CLANG_WARN_CONSTANT_CONVERSION = YES;
				CLANG_WARN_DEPRECATED_OBJC_IMPLEMENTATIONS = YES;
				CLANG_WARN_DIRECT_OBJC_ISA_USAGE = YES_ERROR;
				CLANG_WARN_DOCUMENTATION_COMMENTS = YES;
				CLANG_WARN_EMPTY_BODY = YES;
				CLANG_WARN_ENUM_CONVERSION = YES;
				CLANG_WARN_INFINITE_RECURSION = YES;
				CLANG_WARN_INT_CONVERSION = YES;
				CLANG_WARN_NON_LITERAL_NULL_CONVERSION = YES;
				CLANG_WARN_OBJC_IMPLICIT_RETAIN_SELF = YES;
				CLANG_WARN_OBJC_LITERAL_CONVERSION = YES;
				CLANG_WARN_OBJC_ROOT_CLASS = YES_ERROR;
				CLANG_WARN_QUOTED_INCLUDE_IN_FRAMEWORK_HEADER = YES;
				CLANG_WARN_RANGE_LOOP_ANALYSIS = YES;
				CLANG_WARN_STRICT_PROTOTYPES = YES;
				CLANG_WARN_SUSPICIOUS_MOVE = YES;
				CLANG_WARN_UNGUARDED_AVAILABILITY = YES_AGGRESSIVE;
				CLANG_WARN_UNREACHABLE_CODE = YES;
				CLANG_WARN__DUPLICATE_METHOD_MATCH = YES;
				COPY_PHASE_STRIP = NO;
				DEBUG_INFORMATION_FORMAT = "dwarf-with-dsym";
				ENABLE_NS_ASSERTIONS = NO;
				ENABLE_STRICT_OBJC_MSGSEND = YES;
				GCC_C_LANGUAGE_STANDARD = gnu11;
				GCC_NO_COMMON_BLOCKS = YES;
				GCC_WARN_64_TO_32_BIT_CONVERSION = YES;
				GCC_WARN_ABOUT_RETURN_TYPE = YES_ERROR;
				GCC_WARN_UNDECLARED_SELECTOR = YES;
				GCC_WARN_UNINITIALIZED_AUTOS = YES_AGGRESSIVE;
				GCC_WARN_UNUSED_FUNCTION = YES;
				GCC_WARN_UNUSED_VARIABLE = YES;
				IPHONEOS_DEPLOYMENT_TARGET = 14.1;
				MTL_ENABLE_DEBUG_INFO = NO;
				MTL_FAST_MATH = YES;
				SDKROOT = iphoneos;
				SWIFT_COMPILATION_MODE = wholemodule;
				SWIFT_OPTIMIZATION_LEVEL = "-O";
				VALIDATE_PRODUCT = YES;
			};
			name = Release;
		};
		07D37091255B9E5900E435B2 /* Debug */ = {
			isa = XCBuildConfiguration;
			buildSettings = {
				ASSETCATALOG_COMPILER_APPICON_NAME = AppIcon;
				ASSETCATALOG_COMPILER_GLOBAL_ACCENT_COLOR_NAME = AccentColor;
				CODE_SIGN_STYLE = Automatic;
				DEVELOPMENT_ASSET_PATHS = "\"Connect4/Preview Content\"";
				DEVELOPMENT_TEAM = J8B74FCZCC;
				ENABLE_PREVIEWS = YES;
				INFOPLIST_FILE = Connect4/Info.plist;
				IPHONEOS_DEPLOYMENT_TARGET = 14.0;
				LD_RUNPATH_SEARCH_PATHS = (
					"$(inherited)",
					"@executable_path/Frameworks",
				);
				PRODUCT_BUNDLE_IDENTIFIER = com.goldthumb.Connect4;
				PRODUCT_NAME = "$(TARGET_NAME)";
				SWIFT_VERSION = 5.0;
				TARGETED_DEVICE_FAMILY = "1,2";
			};
			name = Debug;
		};
		07D37092255B9E5900E435B2 /* Release */ = {
			isa = XCBuildConfiguration;
			buildSettings = {
				ASSETCATALOG_COMPILER_APPICON_NAME = AppIcon;
				ASSETCATALOG_COMPILER_GLOBAL_ACCENT_COLOR_NAME = AccentColor;
				CODE_SIGN_STYLE = Automatic;
				DEVELOPMENT_ASSET_PATHS = "\"Connect4/Preview Content\"";
				DEVELOPMENT_TEAM = J8B74FCZCC;
				ENABLE_PREVIEWS = YES;
				INFOPLIST_FILE = Connect4/Info.plist;
				IPHONEOS_DEPLOYMENT_TARGET = 14.0;
				LD_RUNPATH_SEARCH_PATHS = (
					"$(inherited)",
					"@executable_path/Frameworks",
				);
				PRODUCT_BUNDLE_IDENTIFIER = com.goldthumb.Connect4;
				PRODUCT_NAME = "$(TARGET_NAME)";
				SWIFT_VERSION = 5.0;
				TARGETED_DEVICE_FAMILY = "1,2";
			};
			name = Release;
		};
/* End XCBuildConfiguration section */

/* Begin XCConfigurationList section */
		07059351256CBD7400D59D97 /* Build configuration list for PBXNativeTarget "Connect4Tests" */ = {
			isa = XCConfigurationList;
			buildConfigurations = (
				0705934F256CBD7400D59D97 /* Debug */,
				07059350256CBD7400D59D97 /* Release */,
			);
			defaultConfigurationIsVisible = 0;
			defaultConfigurationName = Release;
		};
		07D3707C255B9E5900E435B2 /* Build configuration list for PBXProject "Connect4" */ = {
			isa = XCConfigurationList;
			buildConfigurations = (
				07D3708E255B9E5900E435B2 /* Debug */,
				07D3708F255B9E5900E435B2 /* Release */,
			);
			defaultConfigurationIsVisible = 0;
			defaultConfigurationName = Release;
		};
		07D37090255B9E5900E435B2 /* Build configuration list for PBXNativeTarget "Connect4" */ = {
			isa = XCConfigurationList;
			buildConfigurations = (
				07D37091255B9E5900E435B2 /* Debug */,
				07D37092255B9E5900E435B2 /* Release */,
			);
			defaultConfigurationIsVisible = 0;
			defaultConfigurationName = Release;
		};
/* End XCConfigurationList section */
	};
	rootObject = 07D37079255B9E5900E435B2 /* Project object */;
}
